// !$*UTF8*$!
{
	archiveVersion = 1;
	classes = {
	};
	objectVersion = 50;
	objects = {

/* Begin PBXBuildFile section */
		260C3BE4213A7B0D00E8419C /* ConfusionCode.m in Sources */ = {isa = PBXBuildFile; fileRef = 260C3BE3213A7B0D00E8419C /* ConfusionCode.m */; };
		260D5F57213E7C7C0093B5C5 /* ConfusionCodeWhiteList.plist in Resources */ = {isa = PBXBuildFile; fileRef = 260D5F56213E7C7C0093B5C5 /* ConfusionCodeWhiteList.plist */; };
		260DD2882144B0C700D269B3 /* WhiteFunctionList.plist in Resources */ = {isa = PBXBuildFile; fileRef = 260DD2872144B0C700D269B3 /* WhiteFunctionList.plist */; };
		266B9E2F214019AC0034F7BC /* ConfunsionClassNumber.m in Sources */ = {isa = PBXBuildFile; fileRef = 266B9E2E214019AC0034F7BC /* ConfunsionClassNumber.m */; };
		266DB080213008C200FA2E93 /* staticVariableNameLsit.plist in Resources */ = {isa = PBXBuildFile; fileRef = 266DB07F213008C200FA2E93 /* staticVariableNameLsit.plist */; };
		266F1E9B2133948A0014F022 /* ConfusionStaticVariable.m in Sources */ = {isa = PBXBuildFile; fileRef = 266F1E992133948A0014F022 /* ConfusionStaticVariable.m */; };
		266F1E9F213399E40014F022 /* classWhiteList.plist in Resources */ = {isa = PBXBuildFile; fileRef = 266F1E9D213399E40014F022 /* classWhiteList.plist */; };
		266F1EA0213399E40014F022 /* classNameList.plist in Resources */ = {isa = PBXBuildFile; fileRef = 266F1E9E213399E40014F022 /* classNameList.plist */; };
		266F1EA821339A260014F022 /* functionWhiteList.plist in Resources */ = {isa = PBXBuildFile; fileRef = 266F1EA221339A250014F022 /* functionWhiteList.plist */; };
		266F1EA921339A260014F022 /* ConfusionFunction.m in Sources */ = {isa = PBXBuildFile; fileRef = 266F1EA421339A250014F022 /* ConfusionFunction.m */; };
		266F1EAA21339A260014F022 /* ExportWhiteFunction.m in Sources */ = {isa = PBXBuildFile; fileRef = 266F1EA521339A250014F022 /* ExportWhiteFunction.m */; };
		266F1EAB21339A260014F022 /* frameworkWhiteList.plist in Resources */ = {isa = PBXBuildFile; fileRef = 266F1EA621339A250014F022 /* frameworkWhiteList.plist */; };
		266F1EAE21339C280014F022 /* ConfusionClass.m in Sources */ = {isa = PBXBuildFile; fileRef = 266F1EAD21339C280014F022 /* ConfusionClass.m */; };
		266F1EB02133AEB20014F022 /* variableWhiteList.plist in Resources */ = {isa = PBXBuildFile; fileRef = 266F1EAF2133AEB20014F022 /* variableWhiteList.plist */; };
		266F1EB32133CCC80014F022 /* ToolClass.m in Sources */ = {isa = PBXBuildFile; fileRef = 266F1EB22133CCC80014F022 /* ToolClass.m */; };
		266F1EB721342B520014F022 /* ConfusionLocalString.m in Sources */ = {isa = PBXBuildFile; fileRef = 266F1EB621342B520014F022 /* ConfusionLocalString.m */; };
		266F1EBB2136983C0014F022 /* LocalStringWhiteList.plist in Resources */ = {isa = PBXBuildFile; fileRef = 266F1EBA2136983C0014F022 /* LocalStringWhiteList.plist */; };
		269E09B521414D590078ACD5 /* ConfusionImageName.m in Sources */ = {isa = PBXBuildFile; fileRef = 269E09B421414D590078ACD5 /* ConfusionImageName.m */; };
		BC268137210D5245001612CB /* AppDelegate.m in Sources */ = {isa = PBXBuildFile; fileRef = BC268136210D5244001612CB /* AppDelegate.m */; };
		BC26813A210D5245001612CB /* ViewController.m in Sources */ = {isa = PBXBuildFile; fileRef = BC268139210D5245001612CB /* ViewController.m */; };
		BC26813C210D524A001612CB /* Assets.xcassets in Resources */ = {isa = PBXBuildFile; fileRef = BC26813B210D524A001612CB /* Assets.xcassets */; };
		BC26813F210D524A001612CB /* Main.storyboard in Resources */ = {isa = PBXBuildFile; fileRef = BC26813D210D524A001612CB /* Main.storyboard */; };
		BC268142210D524A001612CB /* main.m in Sources */ = {isa = PBXBuildFile; fileRef = BC268141210D524A001612CB /* main.m */; };
		BC26814D210D524A001612CB /* MJB_ProjectUITests.m in Sources */ = {isa = PBXBuildFile; fileRef = BC26814C210D524A001612CB /* MJB_ProjectUITests.m */; };
/* End PBXBuildFile section */

/* Begin PBXContainerItemProxy section */
		BC268149210D524A001612CB /* PBXContainerItemProxy */ = {
			isa = PBXContainerItemProxy;
			containerPortal = BC26812A210D5244001612CB /* Project object */;
			proxyType = 1;
			remoteGlobalIDString = BC268131210D5244001612CB;
			remoteInfo = MJB_Project;
		};
/* End PBXContainerItemProxy section */

/* Begin PBXFileReference section */
		260C3BE2213A7B0D00E8419C /* ConfusionCode.h */ = {isa = PBXFileReference; lastKnownFileType = sourcecode.c.h; path = ConfusionCode.h; sourceTree = "<group>"; };
		260C3BE3213A7B0D00E8419C /* ConfusionCode.m */ = {isa = PBXFileReference; lastKnownFileType = sourcecode.c.objc; path = ConfusionCode.m; sourceTree = "<group>"; };
		260D5F56213E7C7C0093B5C5 /* ConfusionCodeWhiteList.plist */ = {isa = PBXFileReference; lastKnownFileType = text.plist.xml; path = ConfusionCodeWhiteList.plist; sourceTree = "<group>"; };
		260DD2872144B0C700D269B3 /* WhiteFunctionList.plist */ = {isa = PBXFileReference; lastKnownFileType = text.plist.xml; path = WhiteFunctionList.plist; sourceTree = "<group>"; };
		266B9E2D214019AC0034F7BC /* ConfunsionClassNumber.h */ = {isa = PBXFileReference; lastKnownFileType = sourcecode.c.h; path = ConfunsionClassNumber.h; sourceTree = "<group>"; };
		266B9E2E214019AC0034F7BC /* ConfunsionClassNumber.m */ = {isa = PBXFileReference; lastKnownFileType = sourcecode.c.objc; path = ConfunsionClassNumber.m; sourceTree = "<group>"; };
		266DB07F213008C200FA2E93 /* staticVariableNameLsit.plist */ = {isa = PBXFileReference; lastKnownFileType = text.plist.xml; path = staticVariableNameLsit.plist; sourceTree = "<group>"; };
		266F1E992133948A0014F022 /* ConfusionStaticVariable.m */ = {isa = PBXFileReference; fileEncoding = 4; lastKnownFileType = sourcecode.c.objc; path = ConfusionStaticVariable.m; sourceTree = "<group>"; };
		266F1E9A2133948A0014F022 /* ConfusionStaticVariable.h */ = {isa = PBXFileReference; fileEncoding = 4; lastKnownFileType = sourcecode.c.h; path = ConfusionStaticVariable.h; sourceTree = "<group>"; };
		266F1E9D213399E40014F022 /* classWhiteList.plist */ = {isa = PBXFileReference; fileEncoding = 4; lastKnownFileType = text.plist.xml; path = classWhiteList.plist; sourceTree = "<group>"; };
		266F1E9E213399E40014F022 /* classNameList.plist */ = {isa = PBXFileReference; fileEncoding = 4; lastKnownFileType = text.plist.xml; path = classNameList.plist; sourceTree = "<group>"; };
		266F1EA221339A250014F022 /* functionWhiteList.plist */ = {isa = PBXFileReference; fileEncoding = 4; lastKnownFileType = text.plist.xml; path = functionWhiteList.plist; sourceTree = "<group>"; };
		266F1EA321339A250014F022 /* ExportWhiteFunction.h */ = {isa = PBXFileReference; fileEncoding = 4; lastKnownFileType = sourcecode.c.h; path = ExportWhiteFunction.h; sourceTree = "<group>"; };
		266F1EA421339A250014F022 /* ConfusionFunction.m */ = {isa = PBXFileReference; fileEncoding = 4; lastKnownFileType = sourcecode.c.objc; path = ConfusionFunction.m; sourceTree = "<group>"; };
		266F1EA521339A250014F022 /* ExportWhiteFunction.m */ = {isa = PBXFileReference; fileEncoding = 4; lastKnownFileType = sourcecode.c.objc; path = ExportWhiteFunction.m; sourceTree = "<group>"; };
		266F1EA621339A250014F022 /* frameworkWhiteList.plist */ = {isa = PBXFileReference; fileEncoding = 4; lastKnownFileType = text.plist.xml; path = frameworkWhiteList.plist; sourceTree = "<group>"; };
		266F1EA721339A250014F022 /* ConfusionFunction.h */ = {isa = PBXFileReference; fileEncoding = 4; lastKnownFileType = sourcecode.c.h; path = ConfusionFunction.h; sourceTree = "<group>"; };
		266F1EAC21339C280014F022 /* ConfusionClass.h */ = {isa = PBXFileReference; fileEncoding = 4; lastKnownFileType = sourcecode.c.h; path = ConfusionClass.h; sourceTree = "<group>"; };
		266F1EAD21339C280014F022 /* ConfusionClass.m */ = {isa = PBXFileReference; fileEncoding = 4; lastKnownFileType = sourcecode.c.objc; path = ConfusionClass.m; sourceTree = "<group>"; };
		266F1EAF2133AEB20014F022 /* variableWhiteList.plist */ = {isa = PBXFileReference; lastKnownFileType = text.plist.xml; path = variableWhiteList.plist; sourceTree = "<group>"; };
		266F1EB12133CCC80014F022 /* ToolClass.h */ = {isa = PBXFileReference; lastKnownFileType = sourcecode.c.h; path = ToolClass.h; sourceTree = "<group>"; };
		266F1EB22133CCC80014F022 /* ToolClass.m */ = {isa = PBXFileReference; lastKnownFileType = sourcecode.c.objc; path = ToolClass.m; sourceTree = "<group>"; };
		266F1EB521342B520014F022 /* ConfusionLocalString.h */ = {isa = PBXFileReference; lastKnownFileType = sourcecode.c.h; path = ConfusionLocalString.h; sourceTree = "<group>"; };
		266F1EB621342B520014F022 /* ConfusionLocalString.m */ = {isa = PBXFileReference; lastKnownFileType = sourcecode.c.objc; path = ConfusionLocalString.m; sourceTree = "<group>"; };
		266F1EBA2136983C0014F022 /* LocalStringWhiteList.plist */ = {isa = PBXFileReference; lastKnownFileType = text.plist.xml; path = LocalStringWhiteList.plist; sourceTree = "<group>"; };
		266F1EC121382A0E0014F022 /* PrefixHeader.pch */ = {isa = PBXFileReference; lastKnownFileType = sourcecode.c.h; path = PrefixHeader.pch; sourceTree = "<group>"; };
		266F1EC321382D800014F022 /* PublicHeader.h */ = {isa = PBXFileReference; lastKnownFileType = sourcecode.c.h; path = PublicHeader.h; sourceTree = "<group>"; };
		269E09B321414D590078ACD5 /* ConfusionImageName.h */ = {isa = PBXFileReference; lastKnownFileType = sourcecode.c.h; path = ConfusionImageName.h; sourceTree = "<group>"; };
		269E09B421414D590078ACD5 /* ConfusionImageName.m */ = {isa = PBXFileReference; lastKnownFileType = sourcecode.c.objc; path = ConfusionImageName.m; sourceTree = "<group>"; };
		BC268132210D5244001612CB /* MJB_Project.app */ = {isa = PBXFileReference; explicitFileType = wrapper.application; includeInIndex = 0; path = MJB_Project.app; sourceTree = BUILT_PRODUCTS_DIR; };
		BC268135210D5244001612CB /* AppDelegate.h */ = {isa = PBXFileReference; lastKnownFileType = sourcecode.c.h; path = AppDelegate.h; sourceTree = "<group>"; };
		BC268136210D5244001612CB /* AppDelegate.m */ = {isa = PBXFileReference; lastKnownFileType = sourcecode.c.objc; path = AppDelegate.m; sourceTree = "<group>"; };
		BC268138210D5245001612CB /* ViewController.h */ = {isa = PBXFileReference; lastKnownFileType = sourcecode.c.h; path = ViewController.h; sourceTree = "<group>"; };
		BC268139210D5245001612CB /* ViewController.m */ = {isa = PBXFileReference; lastKnownFileType = sourcecode.c.objc; path = ViewController.m; sourceTree = "<group>"; };
		BC26813B210D524A001612CB /* Assets.xcassets */ = {isa = PBXFileReference; lastKnownFileType = folder.assetcatalog; path = Assets.xcassets; sourceTree = "<group>"; };
		BC26813E210D524A001612CB /* Base */ = {isa = PBXFileReference; lastKnownFileType = file.storyboard; name = Base; path = Base.lproj/Main.storyboard; sourceTree = "<group>"; };
		BC268140210D524A001612CB /* Info.plist */ = {isa = PBXFileReference; lastKnownFileType = text.plist.xml; path = Info.plist; sourceTree = "<group>"; };
		BC268141210D524A001612CB /* main.m */ = {isa = PBXFileReference; lastKnownFileType = sourcecode.c.objc; path = main.m; sourceTree = "<group>"; };
		BC268143210D524A001612CB /* MJB_Project.entitlements */ = {isa = PBXFileReference; lastKnownFileType = text.plist.entitlements; path = MJB_Project.entitlements; sourceTree = "<group>"; };
		BC268148210D524A001612CB /* MJB_ProjectUITests.xctest */ = {isa = PBXFileReference; explicitFileType = wrapper.cfbundle; includeInIndex = 0; path = MJB_ProjectUITests.xctest; sourceTree = BUILT_PRODUCTS_DIR; };
		BC26814C210D524A001612CB /* MJB_ProjectUITests.m */ = {isa = PBXFileReference; lastKnownFileType = sourcecode.c.objc; path = MJB_ProjectUITests.m; sourceTree = "<group>"; };
		BC26814E210D524A001612CB /* Info.plist */ = {isa = PBXFileReference; lastKnownFileType = text.plist.xml; path = Info.plist; sourceTree = "<group>"; };
/* End PBXFileReference section */

/* Begin PBXFrameworksBuildPhase section */
		BC26812F210D5244001612CB /* Frameworks */ = {
			isa = PBXFrameworksBuildPhase;
			buildActionMask = 2147483647;
			files = (
			);
			runOnlyForDeploymentPostprocessing = 0;
		};
		BC268145210D524A001612CB /* Frameworks */ = {
			isa = PBXFrameworksBuildPhase;
			buildActionMask = 2147483647;
			files = (
			);
			runOnlyForDeploymentPostprocessing = 0;
		};
/* End PBXFrameworksBuildPhase section */

/* Begin PBXGroup section */
		2667637E213FB63700D9AB2F /* 类数量混淆 */ = {
			isa = PBXGroup;
			children = (
				266B9E2D214019AC0034F7BC /* ConfunsionClassNumber.h */,
				266B9E2E214019AC0034F7BC /* ConfunsionClassNumber.m */,
			);
			path = "类数量混淆";
			sourceTree = "<group>";
		};
		266F1E982133948A0014F022 /* 静态变量 */ = {
			isa = PBXGroup;
			children = (
				266F1E9A2133948A0014F022 /* ConfusionStaticVariable.h */,
				266F1E992133948A0014F022 /* ConfusionStaticVariable.m */,
				266DB07F213008C200FA2E93 /* staticVariableNameLsit.plist */,
				266F1EAF2133AEB20014F022 /* variableWhiteList.plist */,
			);
			path = "静态变量";
			sourceTree = "<group>";
		};
		266F1E9C213399E40014F022 /* 类名混淆 */ = {
			isa = PBXGroup;
			children = (
				266F1EAC21339C280014F022 /* ConfusionClass.h */,
				266F1EAD21339C280014F022 /* ConfusionClass.m */,
				266F1E9D213399E40014F022 /* classWhiteList.plist */,
				266F1E9E213399E40014F022 /* classNameList.plist */,
			);
			path = "类名混淆";
			sourceTree = "<group>";
		};
		266F1EA121339A250014F022 /* 函数名混淆 */ = {
			isa = PBXGroup;
			children = (
				266F1EA721339A250014F022 /* ConfusionFunction.h */,
				266F1EA421339A250014F022 /* ConfusionFunction.m */,
				266F1EA321339A250014F022 /* ExportWhiteFunction.h */,
				266F1EA521339A250014F022 /* ExportWhiteFunction.m */,
				266F1EA621339A250014F022 /* frameworkWhiteList.plist */,
				266F1EA221339A250014F022 /* functionWhiteList.plist */,
			);
			path = "函数名混淆";
			sourceTree = "<group>";
		};
		266F1EB421342B1F0014F022 /* 字符串混淆 */ = {
			isa = PBXGroup;
			children = (
				266F1EB521342B520014F022 /* ConfusionLocalString.h */,
				266F1EB621342B520014F022 /* ConfusionLocalString.m */,
				266F1EBA2136983C0014F022 /* LocalStringWhiteList.plist */,
			);
			path = "字符串混淆";
			sourceTree = "<group>";
		};
		266F1EBC2136E33B0014F022 /* 有效函数数量混淆 */ = {
			isa = PBXGroup;
			children = (
				260C3BE2213A7B0D00E8419C /* ConfusionCode.h */,
				260C3BE3213A7B0D00E8419C /* ConfusionCode.m */,
				260D5F56213E7C7C0093B5C5 /* ConfusionCodeWhiteList.plist */,
				260DD2872144B0C700D269B3 /* WhiteFunctionList.plist */,
			);
			path = "有效函数数量混淆";
			sourceTree = "<group>";
		};
		269E09B221414D340078ACD5 /* 图片名字混淆 */ = {
			isa = PBXGroup;
			children = (
				269E09B321414D590078ACD5 /* ConfusionImageName.h */,
				269E09B421414D590078ACD5 /* ConfusionImageName.m */,
			);
			path = "图片名字混淆";
			sourceTree = "<group>";
		};
		BC268129210D5244001612CB = {
			isa = PBXGroup;
			children = (
				BC268134210D5244001612CB /* MJB_Project */,
				BC26814B210D524A001612CB /* MJB_ProjectUITests */,
				BC268133210D5244001612CB /* Products */,
			);
			sourceTree = "<group>";
		};
		BC268133210D5244001612CB /* Products */ = {
			isa = PBXGroup;
			children = (
				BC268132210D5244001612CB /* MJB_Project.app */,
				BC268148210D524A001612CB /* MJB_ProjectUITests.xctest */,
			);
			name = Products;
			sourceTree = "<group>";
		};
		BC268134210D5244001612CB /* MJB_Project */ = {
			isa = PBXGroup;
			children = (
				269E09B221414D340078ACD5 /* 图片名字混淆 */,
				2667637E213FB63700D9AB2F /* 类数量混淆 */,
				266F1EBC2136E33B0014F022 /* 有效函数数量混淆 */,
				266F1EB421342B1F0014F022 /* 字符串混淆 */,
				266F1EA121339A250014F022 /* 函数名混淆 */,
				266F1E9C213399E40014F022 /* 类名混淆 */,
				266F1E982133948A0014F022 /* 静态变量 */,
				BC268138210D5245001612CB /* ViewController.h */,
				BC268139210D5245001612CB /* ViewController.m */,
				266F1EC121382A0E0014F022 /* PrefixHeader.pch */,
				266F1EC321382D800014F022 /* PublicHeader.h */,
				266F1EB12133CCC80014F022 /* ToolClass.h */,
				266F1EB22133CCC80014F022 /* ToolClass.m */,
				BC26813B210D524A001612CB /* Assets.xcassets */,
				BC268135210D5244001612CB /* AppDelegate.h */,
				BC268136210D5244001612CB /* AppDelegate.m */,
				BC26813D210D524A001612CB /* Main.storyboard */,
				BC268140210D524A001612CB /* Info.plist */,
				BC268141210D524A001612CB /* main.m */,
				BC268143210D524A001612CB /* MJB_Project.entitlements */,
			);
			path = MJB_Project;
			sourceTree = "<group>";
		};
		BC26814B210D524A001612CB /* MJB_ProjectUITests */ = {
			isa = PBXGroup;
			children = (
				BC26814C210D524A001612CB /* MJB_ProjectUITests.m */,
				BC26814E210D524A001612CB /* Info.plist */,
			);
			path = MJB_ProjectUITests;
			sourceTree = "<group>";
		};
/* End PBXGroup section */

/* Begin PBXNativeTarget section */
		BC268131210D5244001612CB /* MJB_Project */ = {
			isa = PBXNativeTarget;
			buildConfigurationList = BC268151210D524A001612CB /* Build configuration list for PBXNativeTarget "MJB_Project" */;
			buildPhases = (
				BC26812E210D5244001612CB /* Sources */,
				BC26812F210D5244001612CB /* Frameworks */,
				BC268130210D5244001612CB /* Resources */,
			);
			buildRules = (
			);
			dependencies = (
			);
			name = MJB_Project;
			productName = MJB_Project;
			productReference = BC268132210D5244001612CB /* MJB_Project.app */;
			productType = "com.apple.product-type.application";
		};
		BC268147210D524A001612CB /* MJB_ProjectUITests */ = {
			isa = PBXNativeTarget;
			buildConfigurationList = BC268154210D524A001612CB /* Build configuration list for PBXNativeTarget "MJB_ProjectUITests" */;
			buildPhases = (
				BC268144210D524A001612CB /* Sources */,
				BC268145210D524A001612CB /* Frameworks */,
				BC268146210D524A001612CB /* Resources */,
			);
			buildRules = (
			);
			dependencies = (
				BC26814A210D524A001612CB /* PBXTargetDependency */,
			);
			name = MJB_ProjectUITests;
			productName = MJB_ProjectUITests;
			productReference = BC268148210D524A001612CB /* MJB_ProjectUITests.xctest */;
			productType = "com.apple.product-type.bundle.ui-testing";
		};
/* End PBXNativeTarget section */

/* Begin PBXProject section */
		BC26812A210D5244001612CB /* Project object */ = {
			isa = PBXProject;
			attributes = {
				LastUpgradeCheck = 0940;
				ORGANIZATIONNAME = wangzhi;
				TargetAttributes = {
					BC268131210D5244001612CB = {
						CreatedOnToolsVersion = 9.4.1;
						SystemCapabilities = {
							com.apple.Sandbox = {
								enabled = 0;
							};
						};
					};
					BC268147210D524A001612CB = {
						CreatedOnToolsVersion = 9.4.1;
						TestTargetID = BC268131210D5244001612CB;
					};
				};
			};
			buildConfigurationList = BC26812D210D5244001612CB /* Build configuration list for PBXProject "MJB_Project" */;
			compatibilityVersion = "Xcode 9.3";
			developmentRegion = en;
			hasScannedForEncodings = 0;
			knownRegions = (
				en,
				Base,
			);
			mainGroup = BC268129210D5244001612CB;
			productRefGroup = BC268133210D5244001612CB /* Products */;
			projectDirPath = "";
			projectRoot = "";
			targets = (
				BC268131210D5244001612CB /* MJB_Project */,
				BC268147210D524A001612CB /* MJB_ProjectUITests */,
			);
		};
/* End PBXProject section */

/* Begin PBXResourcesBuildPhase section */
		BC268130210D5244001612CB /* Resources */ = {
			isa = PBXResourcesBuildPhase;
			buildActionMask = 2147483647;
			files = (
				266F1EBB2136983C0014F022 /* LocalStringWhiteList.plist in Resources */,
				266F1EAB21339A260014F022 /* frameworkWhiteList.plist in Resources */,
				260DD2882144B0C700D269B3 /* WhiteFunctionList.plist in Resources */,
				266F1EA821339A260014F022 /* functionWhiteList.plist in Resources */,
				266F1E9F213399E40014F022 /* classWhiteList.plist in Resources */,
				266F1EA0213399E40014F022 /* classNameList.plist in Resources */,
				266F1EB02133AEB20014F022 /* variableWhiteList.plist in Resources */,
				260D5F57213E7C7C0093B5C5 /* ConfusionCodeWhiteList.plist in Resources */,
				BC26813C210D524A001612CB /* Assets.xcassets in Resources */,
				BC26813F210D524A001612CB /* Main.storyboard in Resources */,
				266DB080213008C200FA2E93 /* staticVariableNameLsit.plist in Resources */,
			);
			runOnlyForDeploymentPostprocessing = 0;
		};
		BC268146210D524A001612CB /* Resources */ = {
			isa = PBXResourcesBuildPhase;
			buildActionMask = 2147483647;
			files = (
			);
			runOnlyForDeploymentPostprocessing = 0;
		};
/* End PBXResourcesBuildPhase section */

/* Begin PBXSourcesBuildPhase section */
		BC26812E210D5244001612CB /* Sources */ = {
			isa = PBXSourcesBuildPhase;
			buildActionMask = 2147483647;
			files = (
				266F1EA921339A260014F022 /* ConfusionFunction.m in Sources */,
				266F1EB721342B520014F022 /* ConfusionLocalString.m in Sources */,
				266F1EAE21339C280014F022 /* ConfusionClass.m in Sources */,
				269E09B521414D590078ACD5 /* ConfusionImageName.m in Sources */,
				266F1EB32133CCC80014F022 /* ToolClass.m in Sources */,
				266F1E9B2133948A0014F022 /* ConfusionStaticVariable.m in Sources */,
				BC26813A210D5245001612CB /* ViewController.m in Sources */,
				BC268142210D524A001612CB /* main.m in Sources */,
				260C3BE4213A7B0D00E8419C /* ConfusionCode.m in Sources */,
				BC268137210D5245001612CB /* AppDelegate.m in Sources */,
				266B9E2F214019AC0034F7BC /* ConfunsionClassNumber.m in Sources */,
				266F1EAA21339A260014F022 /* ExportWhiteFunction.m in Sources */,
			);
			runOnlyForDeploymentPostprocessing = 0;
		};
		BC268144210D524A001612CB /* Sources */ = {
			isa = PBXSourcesBuildPhase;
			buildActionMask = 2147483647;
			files = (
				BC26814D210D524A001612CB /* MJB_ProjectUITests.m in Sources */,
			);
			runOnlyForDeploymentPostprocessing = 0;
		};
/* End PBXSourcesBuildPhase section */

/* Begin PBXTargetDependency section */
		BC26814A210D524A001612CB /* PBXTargetDependency */ = {
			isa = PBXTargetDependency;
			target = BC268131210D5244001612CB /* MJB_Project */;
			targetProxy = BC268149210D524A001612CB /* PBXContainerItemProxy */;
		};
/* End PBXTargetDependency section */

/* Begin PBXVariantGroup section */
		BC26813D210D524A001612CB /* Main.storyboard */ = {
			isa = PBXVariantGroup;
			children = (
				BC26813E210D524A001612CB /* Base */,
			);
			name = Main.storyboard;
			sourceTree = "<group>";
		};
/* End PBXVariantGroup section */

/* Begin XCBuildConfiguration section */
		BC26814F210D524A001612CB /* Debug */ = {
			isa = XCBuildConfiguration;
			buildSettings = {
				ALWAYS_SEARCH_USER_PATHS = NO;
				CLANG_ANALYZER_NONNULL = YES;
				CLANG_ANALYZER_NUMBER_OBJECT_CONVERSION = YES_AGGRESSIVE;
				CLANG_CXX_LANGUAGE_STANDARD = "gnu++14";
				CLANG_CXX_LIBRARY = "libc++";
				CLANG_ENABLE_MODULES = YES;
				CLANG_ENABLE_OBJC_ARC = YES;
				CLANG_ENABLE_OBJC_WEAK = YES;
				CLANG_WARN_BLOCK_CAPTURE_AUTORELEASING = YES;
				CLANG_WARN_BOOL_CONVERSION = YES;
				CLANG_WARN_COMMA = YES;
				CLANG_WARN_CONSTANT_CONVERSION = YES;
				CLANG_WARN_DEPRECATED_OBJC_IMPLEMENTATIONS = YES;
				CLANG_WARN_DIRECT_OBJC_ISA_USAGE = YES_ERROR;
				CLANG_WARN_DOCUMENTATION_COMMENTS = YES;
				CLANG_WARN_EMPTY_BODY = YES;
				CLANG_WARN_ENUM_CONVERSION = YES;
				CLANG_WARN_INFINITE_RECURSION = YES;
				CLANG_WARN_INT_CONVERSION = YES;
				CLANG_WARN_NON_LITERAL_NULL_CONVERSION = YES;
				CLANG_WARN_OBJC_IMPLICIT_RETAIN_SELF = YES;
				CLANG_WARN_OBJC_LITERAL_CONVERSION = YES;
				CLANG_WARN_OBJC_ROOT_CLASS = YES_ERROR;
				CLANG_WARN_RANGE_LOOP_ANALYSIS = YES;
				CLANG_WARN_STRICT_PROTOTYPES = YES;
				CLANG_WARN_SUSPICIOUS_MOVE = YES;
				CLANG_WARN_UNGUARDED_AVAILABILITY = YES_AGGRESSIVE;
				CLANG_WARN_UNREACHABLE_CODE = YES;
				CLANG_WARN__DUPLICATE_METHOD_MATCH = YES;
				CODE_SIGN_IDENTITY = "-";
				COPY_PHASE_STRIP = NO;
				DEBUG_INFORMATION_FORMAT = dwarf;
				ENABLE_STRICT_OBJC_MSGSEND = YES;
				ENABLE_TESTABILITY = YES;
				GCC_C_LANGUAGE_STANDARD = gnu11;
				GCC_DYNAMIC_NO_PIC = NO;
				GCC_NO_COMMON_BLOCKS = YES;
				GCC_OPTIMIZATION_LEVEL = 0;
				GCC_PREPROCESSOR_DEFINITIONS = (
					"DEBUG=1",
					"$(inherited)",
				);
				GCC_WARN_64_TO_32_BIT_CONVERSION = YES;
				GCC_WARN_ABOUT_RETURN_TYPE = YES_ERROR;
				GCC_WARN_UNDECLARED_SELECTOR = YES;
				GCC_WARN_UNINITIALIZED_AUTOS = YES_AGGRESSIVE;
				GCC_WARN_UNUSED_FUNCTION = YES;
				GCC_WARN_UNUSED_VARIABLE = YES;
				MACOSX_DEPLOYMENT_TARGET = 10.13;
				MTL_ENABLE_DEBUG_INFO = YES;
				ONLY_ACTIVE_ARCH = YES;
				SDKROOT = macosx;
			};
			name = Debug;
		};
		BC268150210D524A001612CB /* Release */ = {
			isa = XCBuildConfiguration;
			buildSettings = {
				ALWAYS_SEARCH_USER_PATHS = NO;
				CLANG_ANALYZER_NONNULL = YES;
				CLANG_ANALYZER_NUMBER_OBJECT_CONVERSION = YES_AGGRESSIVE;
				CLANG_CXX_LANGUAGE_STANDARD = "gnu++14";
				CLANG_CXX_LIBRARY = "libc++";
				CLANG_ENABLE_MODULES = YES;
				CLANG_ENABLE_OBJC_ARC = YES;
				CLANG_ENABLE_OBJC_WEAK = YES;
				CLANG_WARN_BLOCK_CAPTURE_AUTORELEASING = YES;
				CLANG_WARN_BOOL_CONVERSION = YES;
				CLANG_WARN_COMMA = YES;
				CLANG_WARN_CONSTANT_CONVERSION = YES;
				CLANG_WARN_DEPRECATED_OBJC_IMPLEMENTATIONS = YES;
				CLANG_WARN_DIRECT_OBJC_ISA_USAGE = YES_ERROR;
				CLANG_WARN_DOCUMENTATION_COMMENTS = YES;
				CLANG_WARN_EMPTY_BODY = YES;
				CLANG_WARN_ENUM_CONVERSION = YES;
				CLANG_WARN_INFINITE_RECURSION = YES;
				CLANG_WARN_INT_CONVERSION = YES;
				CLANG_WARN_NON_LITERAL_NULL_CONVERSION = YES;
				CLANG_WARN_OBJC_IMPLICIT_RETAIN_SELF = YES;
				CLANG_WARN_OBJC_LITERAL_CONVERSION = YES;
				CLANG_WARN_OBJC_ROOT_CLASS = YES_ERROR;
				CLANG_WARN_RANGE_LOOP_ANALYSIS = YES;
				CLANG_WARN_STRICT_PROTOTYPES = YES;
				CLANG_WARN_SUSPICIOUS_MOVE = YES;
				CLANG_WARN_UNGUARDED_AVAILABILITY = YES_AGGRESSIVE;
				CLANG_WARN_UNREACHABLE_CODE = YES;
				CLANG_WARN__DUPLICATE_METHOD_MATCH = YES;
				CODE_SIGN_IDENTITY = "-";
				COPY_PHASE_STRIP = NO;
				DEBUG_INFORMATION_FORMAT = "dwarf-with-dsym";
				ENABLE_NS_ASSERTIONS = NO;
				ENABLE_STRICT_OBJC_MSGSEND = YES;
				GCC_C_LANGUAGE_STANDARD = gnu11;
				GCC_NO_COMMON_BLOCKS = YES;
				GCC_WARN_64_TO_32_BIT_CONVERSION = YES;
				GCC_WARN_ABOUT_RETURN_TYPE = YES_ERROR;
				GCC_WARN_UNDECLARED_SELECTOR = YES;
				GCC_WARN_UNINITIALIZED_AUTOS = YES_AGGRESSIVE;
				GCC_WARN_UNUSED_FUNCTION = YES;
				GCC_WARN_UNUSED_VARIABLE = YES;
				MACOSX_DEPLOYMENT_TARGET = 10.13;
				MTL_ENABLE_DEBUG_INFO = NO;
				SDKROOT = macosx;
			};
			name = Release;
		};
		BC268152210D524A001612CB /* Debug */ = {
			isa = XCBuildConfiguration;
			buildSettings = {
				ASSETCATALOG_COMPILER_APPICON_NAME = AppIcon;
				CODE_SIGN_STYLE = Manual;
				COMBINE_HIDPI_IMAGES = YES;
				DEVELOPMENT_TEAM = "";
				GCC_PREFIX_HEADER = MJB_Project/PrefixHeader.pch;
				INFOPLIST_FILE = MJB_Project/Info.plist;
				LD_RUNPATH_SEARCH_PATHS = (
					"$(inherited)",
					"@executable_path/../Frameworks",
				);
				PRODUCT_BUNDLE_IDENTIFIER = "wz.MJB-Project";
				PRODUCT_NAME = "$(TARGET_NAME)";
				PROVISIONING_PROFILE_SPECIFIER = "";
			};
			name = Debug;
		};
		BC268153210D524A001612CB /* Release */ = {
			isa = XCBuildConfiguration;
			buildSettings = {
				ASSETCATALOG_COMPILER_APPICON_NAME = AppIcon;
				CODE_SIGN_STYLE = Manual;
				COMBINE_HIDPI_IMAGES = YES;
				DEVELOPMENT_TEAM = "";
				GCC_PREFIX_HEADER = MJB_Project/PrefixHeader.pch;
				INFOPLIST_FILE = MJB_Project/Info.plist;
				LD_RUNPATH_SEARCH_PATHS = (
					"$(inherited)",
					"@executable_path/../Frameworks",
				);
				PRODUCT_BUNDLE_IDENTIFIER = "wz.MJB-Project";
				PRODUCT_NAME = "$(TARGET_NAME)";
				PROVISIONING_PROFILE_SPECIFIER = "";
			};
			name = Release;
		};
		BC268155210D524A001612CB /* Debug */ = {
			isa = XCBuildConfiguration;
			buildSettings = {
				CODE_SIGN_STYLE = Automatic;
				COMBINE_HIDPI_IMAGES = YES;
				INFOPLIST_FILE = MJB_ProjectUITests/Info.plist;
				LD_RUNPATH_SEARCH_PATHS = (
					"$(inherited)",
					"@executable_path/../Frameworks",
					"@loader_path/../Frameworks",
				);
				PRODUCT_BUNDLE_IDENTIFIER = "wz.MJB-ProjectUITests";
				PRODUCT_NAME = "$(TARGET_NAME)";
				TEST_TARGET_NAME = MJB_Project;
			};
			name = Debug;
		};
		BC268156210D524A001612CB /* Release */ = {
			isa = XCBuildConfiguration;
			buildSettings = {
				CODE_SIGN_STYLE = Automatic;
				COMBINE_HIDPI_IMAGES = YES;
				INFOPLIST_FILE = MJB_ProjectUITests/Info.plist;
				LD_RUNPATH_SEARCH_PATHS = (
					"$(inherited)",
					"@executable_path/../Frameworks",
					"@loader_path/../Frameworks",
				);
				PRODUCT_BUNDLE_IDENTIFIER = "wz.MJB-ProjectUITests";
				PRODUCT_NAME = "$(TARGET_NAME)";
				TEST_TARGET_NAME = MJB_Project;
			};
			name = Release;
		};
/* End XCBuildConfiguration section */

/* Begin XCConfigurationList section */
		BC26812D210D5244001612CB /* Build configuration list for PBXProject "MJB_Project" */ = {
			isa = XCConfigurationList;
			buildConfigurations = (
				BC26814F210D524A001612CB /* Debug */,
				BC268150210D524A001612CB /* Release */,
			);
			defaultConfigurationIsVisible = 0;
			defaultConfigurationName = Release;
		};
		BC268151210D524A001612CB /* Build configuration list for PBXNativeTarget "MJB_Project" */ = {
			isa = XCConfigurationList;
			buildConfigurations = (
				BC268152210D524A001612CB /* Debug */,
				BC268153210D524A001612CB /* Release */,
			);
			defaultConfigurationIsVisible = 0;
			defaultConfigurationName = Release;
		};
		BC268154210D524A001612CB /* Build configuration list for PBXNativeTarget "MJB_ProjectUITests" */ = {
			isa = XCConfigurationList;
			buildConfigurations = (
				BC268155210D524A001612CB /* Debug */,
				BC268156210D524A001612CB /* Release */,
			);
			defaultConfigurationIsVisible = 0;
			defaultConfigurationName = Release;
		};
/* End XCConfigurationList section */
	};
	rootObject = BC26812A210D5244001612CB /* Project object */;
}
